
Microsoft Visual Studio Solution File, Format Version 12.00
# Visual Studio Version 17
VisualStudioVersion = 17.6.33723.286
MinimumVisualStudioVersion = 10.0.40219.1
Project("{FAE04EC0-301F-11D3-BF4B-00C04F79EFBC}") = "cSharp-Interface02", "cSharp-Interface02.csproj", "{57CE7307-C6AA-4245-A559-3C9B514E4CE2}"
EndProject
Global
	GlobalSection(SolutionConfigurationPlatforms) = preSolution
		Debug|Any CPU = Debug|Any CPU
		Release|Any CPU = Release|Any CPU
	EndGlobalSection
	GlobalSection(ProjectConfigurationPlatforms) = postSolution
		{57CE7307-C6AA-4245-A559-3C9B514E4CE2}.Debug|Any CPU.ActiveCfg = Debug|Any CPU
		{57CE7307-C6AA-4245-A559-3C9B514E4CE2}.Debug|Any CPU.Build.0 = Debug|Any CPU
		{57CE7307-C6AA-4245-A559-3C9B514E4CE2}.Release|Any CPU.ActiveCfg = Release|Any CPU
		{57CE7307-C6AA-4245-A559-3C9B514E4CE2}.Release|Any CPU.Build.0 = Release|Any CPU
	EndGlobalSection
	GlobalSection(SolutionProperties) = preSolution
		HideSolutionNode = FALSE
	EndGlobalSection
	GlobalSection(ExtensibilityGlobals) = postSolution
		SolutionGuid = {F39254FE-97BE-4E94-86A0-8871CCBE46D7}
	EndGlobalSection
EndGlobal
